// !$*UTF8*$!
{
	archiveVersion = 1;
	classes = {
	};
	objectVersion = 46;
	objects = {

/* Begin PBXBuildFile section */
		1C69A46519C2B59E00ED8BEA /* AppDelegate.swift in Sources */ = {isa = PBXBuildFile; fileRef = 1C69A46419C2B59E00ED8BEA /* AppDelegate.swift */; };
		1C69A46719C2B59E00ED8BEA /* ViewController.swift in Sources */ = {isa = PBXBuildFile; fileRef = 1C69A46619C2B59E00ED8BEA /* ViewController.swift */; };
		1C69A46A19C2B59E00ED8BEA /* Main.storyboard in Resources */ = {isa = PBXBuildFile; fileRef = 1C69A46819C2B59E00ED8BEA /* Main.storyboard */; };
		1C69A46C19C2B59E00ED8BEA /* Images.xcassets in Resources */ = {isa = PBXBuildFile; fileRef = 1C69A46B19C2B59E00ED8BEA /* Images.xcassets */; };
		1C69A46F19C2B59E00ED8BEA /* LaunchScreen.xib in Resources */ = {isa = PBXBuildFile; fileRef = 1C69A46D19C2B59E00ED8BEA /* LaunchScreen.xib */; };
		1C69A47B19C2B59F00ED8BEA /* LionsAndTigersTests.swift in Sources */ = {isa = PBXBuildFile; fileRef = 1C69A47A19C2B59F00ED8BEA /* LionsAndTigersTests.swift */; };
		1C69A48619C2B79E00ED8BEA /* Tiger.swift in Sources */ = {isa = PBXBuildFile; fileRef = 1C69A48519C2B79E00ED8BEA /* Tiger.swift */; };
		1C69A48F19C2BA2700ED8BEA /* BengalTiger.jpg in Resources */ = {isa = PBXBuildFile; fileRef = 1C69A48719C2BA2700ED8BEA /* BengalTiger.jpg */; };
		1C69A49019C2BA2700ED8BEA /* IndochineseTiger.jpg in Resources */ = {isa = PBXBuildFile; fileRef = 1C69A48819C2BA2700ED8BEA /* IndochineseTiger.jpg */; };
		1C69A49119C2BA2700ED8BEA /* Lion.jpg in Resources */ = {isa = PBXBuildFile; fileRef = 1C69A48919C2BA2700ED8BEA /* Lion.jpg */; };
		1C69A49219C2BA2700ED8BEA /* LionCub1.jpg in Resources */ = {isa = PBXBuildFile; fileRef = 1C69A48A19C2BA2700ED8BEA /* LionCub1.jpg */; };
		1C69A49319C2BA2700ED8BEA /* LionCub2.jpeg in Resources */ = {isa = PBXBuildFile; fileRef = 1C69A48B19C2BA2700ED8BEA /* LionCub2.jpeg */; };
		1C69A49419C2BA2700ED8BEA /* Lioness.jpeg in Resources */ = {isa = PBXBuildFile; fileRef = 1C69A48C19C2BA2700ED8BEA /* Lioness.jpeg */; };
		1C69A49519C2BA2700ED8BEA /* MalayanTiger.jpg in Resources */ = {isa = PBXBuildFile; fileRef = 1C69A48D19C2BA2700ED8BEA /* MalayanTiger.jpg */; };
		1C69A49619C2BA2700ED8BEA /* SiberianTiger.jpg in Resources */ = {isa = PBXBuildFile; fileRef = 1C69A48E19C2BA2700ED8BEA /* SiberianTiger.jpg */; };
		1C8C739819C380B8000D3052 /* Lion.swift in Sources */ = {isa = PBXBuildFile; fileRef = 1C8C739719C380B8000D3052 /* Lion.swift */; };
		1C8C739A19C39789000D3052 /* LionCub.swift in Sources */ = {isa = PBXBuildFile; fileRef = 1C8C739919C39789000D3052 /* LionCub.swift */; };
/* End PBXBuildFile section */

/* Begin PBXContainerItemProxy section */
		1C69A47519C2B59F00ED8BEA /* PBXContainerItemProxy */ = {
			isa = PBXContainerItemProxy;
			containerPortal = 1C69A45719C2B59E00ED8BEA /* Project object */;
			proxyType = 1;
			remoteGlobalIDString = 1C69A45E19C2B59E00ED8BEA;
			remoteInfo = LionsAndTigers;
		};
/* End PBXContainerItemProxy section */

/* Begin PBXFileReference section */
		1C69A45F19C2B59E00ED8BEA /* LionsAndTigers.app */ = {isa = PBXFileReference; explicitFileType = wrapper.application; includeInIndex = 0; path = LionsAndTigers.app; sourceTree = BUILT_PRODUCTS_DIR; };
		1C69A46319C2B59E00ED8BEA /* Info.plist */ = {isa = PBXFileReference; lastKnownFileType = text.plist.xml; path = Info.plist; sourceTree = "<group>"; };
		1C69A46419C2B59E00ED8BEA /* AppDelegate.swift */ = {isa = PBXFileReference; lastKnownFileType = sourcecode.swift; path = AppDelegate.swift; sourceTree = "<group>"; };
		1C69A46619C2B59E00ED8BEA /* ViewController.swift */ = {isa = PBXFileReference; lastKnownFileType = sourcecode.swift; path = ViewController.swift; sourceTree = "<group>"; };
		1C69A46919C2B59E00ED8BEA /* Base */ = {isa = PBXFileReference; lastKnownFileType = file.storyboard; name = Base; path = Base.lproj/Main.storyboard; sourceTree = "<group>"; };
		1C69A46B19C2B59E00ED8BEA /* Images.xcassets */ = {isa = PBXFileReference; lastKnownFileType = folder.assetcatalog; path = Images.xcassets; sourceTree = "<group>"; };
		1C69A46E19C2B59E00ED8BEA /* Base */ = {isa = PBXFileReference; lastKnownFileType = file.xib; name = Base; path = Base.lproj/LaunchScreen.xib; sourceTree = "<group>"; };
		1C69A47419C2B59F00ED8BEA /* LionsAndTigersTests.xctest */ = {isa = PBXFileReference; explicitFileType = wrapper.cfbundle; includeInIndex = 0; path = LionsAndTigersTests.xctest; sourceTree = BUILT_PRODUCTS_DIR; };
		1C69A47919C2B59F00ED8BEA /* Info.plist */ = {isa = PBXFileReference; lastKnownFileType = text.plist.xml; path = Info.plist; sourceTree = "<group>"; };
		1C69A47A19C2B59F00ED8BEA /* LionsAndTigersTests.swift */ = {isa = PBXFileReference; lastKnownFileType = sourcecode.swift; path = LionsAndTigersTests.swift; sourceTree = "<group>"; };
		1C69A48519C2B79E00ED8BEA /* Tiger.swift */ = {isa = PBXFileReference; fileEncoding = 4; lastKnownFileType = sourcecode.swift; path = Tiger.swift; sourceTree = "<group>"; };
		1C69A48719C2BA2700ED8BEA /* BengalTiger.jpg */ = {isa = PBXFileReference; lastKnownFileType = image.jpeg; path = BengalTiger.jpg; sourceTree = "<group>"; };
		1C69A48819C2BA2700ED8BEA /* IndochineseTiger.jpg */ = {isa = PBXFileReference; lastKnownFileType = image.jpeg; path = IndochineseTiger.jpg; sourceTree = "<group>"; };
		1C69A48919C2BA2700ED8BEA /* Lion.jpg */ = {isa = PBXFileReference; lastKnownFileType = image.jpeg; path = Lion.jpg; sourceTree = "<group>"; };
		1C69A48A19C2BA2700ED8BEA /* LionCub1.jpg */ = {isa = PBXFileReference; lastKnownFileType = image.jpeg; path = LionCub1.jpg; sourceTree = "<group>"; };
		1C69A48B19C2BA2700ED8BEA /* LionCub2.jpeg */ = {isa = PBXFileReference; lastKnownFileType = image.jpeg; path = LionCub2.jpeg; sourceTree = "<group>"; };
		1C69A48C19C2BA2700ED8BEA /* Lioness.jpeg */ = {isa = PBXFileReference; lastKnownFileType = image.jpeg; path = Lioness.jpeg; sourceTree = "<group>"; };
		1C69A48D19C2BA2700ED8BEA /* MalayanTiger.jpg */ = {isa = PBXFileReference; lastKnownFileType = image.jpeg; path = MalayanTiger.jpg; sourceTree = "<group>"; };
		1C69A48E19C2BA2700ED8BEA /* SiberianTiger.jpg */ = {isa = PBXFileReference; lastKnownFileType = image.jpeg; path = SiberianTiger.jpg; sourceTree = "<group>"; };
		1C8C739719C380B8000D3052 /* Lion.swift */ = {isa = PBXFileReference; fileEncoding = 4; lastKnownFileType = sourcecode.swift; path = Lion.swift; sourceTree = "<group>"; };
		1C8C739919C39789000D3052 /* LionCub.swift */ = {isa = PBXFileReference; fileEncoding = 4; lastKnownFileType = sourcecode.swift; path = LionCub.swift; sourceTree = "<group>"; };
/* End PBXFileReference section */

/* Begin PBXFrameworksBuildPhase section */
		1C69A45C19C2B59E00ED8BEA /* Frameworks */ = {
			isa = PBXFrameworksBuildPhase;
			buildActionMask = 2147483647;
			files = (
			);
			runOnlyForDeploymentPostprocessing = 0;
		};
		1C69A47119C2B59F00ED8BEA /* Frameworks */ = {
			isa = PBXFrameworksBuildPhase;
			buildActionMask = 2147483647;
			files = (
			);
			runOnlyForDeploymentPostprocessing = 0;
		};
/* End PBXFrameworksBuildPhase section */

/* Begin PBXGroup section */
		1C69A45619C2B59E00ED8BEA = {
			isa = PBXGroup;
			children = (
				1C69A46119C2B59E00ED8BEA /* LionsAndTigers */,
				1C69A47719C2B59F00ED8BEA /* LionsAndTigersTests */,
				1C69A46019C2B59E00ED8BEA /* Products */,
			);
			sourceTree = "<group>";
		};
		1C69A46019C2B59E00ED8BEA /* Products */ = {
			isa = PBXGroup;
			children = (
				1C69A45F19C2B59E00ED8BEA /* LionsAndTigers.app */,
				1C69A47419C2B59F00ED8BEA /* LionsAndTigersTests.xctest */,
			);
			name = Products;
			sourceTree = "<group>";
		};
		1C69A46119C2B59E00ED8BEA /* LionsAndTigers */ = {
			isa = PBXGroup;
			children = (
				1C69A46419C2B59E00ED8BEA /* AppDelegate.swift */,
				1C69A46619C2B59E00ED8BEA /* ViewController.swift */,
				1C69A48419C2B77000ED8BEA /* Models */,
				1C69A46819C2B59E00ED8BEA /* Main.storyboard */,
				1C69A46B19C2B59E00ED8BEA /* Images.xcassets */,
				1C69A46D19C2B59E00ED8BEA /* LaunchScreen.xib */,
				1C69A46219C2B59E00ED8BEA /* Supporting Files */,
			);
			path = LionsAndTigers;
			sourceTree = "<group>";
		};
		1C69A46219C2B59E00ED8BEA /* Supporting Files */ = {
			isa = PBXGroup;
			children = (
				1C69A48719C2BA2700ED8BEA /* BengalTiger.jpg */,
				1C69A48819C2BA2700ED8BEA /* IndochineseTiger.jpg */,
				1C69A48919C2BA2700ED8BEA /* Lion.jpg */,
				1C69A48A19C2BA2700ED8BEA /* LionCub1.jpg */,
				1C69A48B19C2BA2700ED8BEA /* LionCub2.jpeg */,
				1C69A48C19C2BA2700ED8BEA /* Lioness.jpeg */,
				1C69A48D19C2BA2700ED8BEA /* MalayanTiger.jpg */,
				1C69A48E19C2BA2700ED8BEA /* SiberianTiger.jpg */,
				1C69A46319C2B59E00ED8BEA /* Info.plist */,
			);
			name = "Supporting Files";
			sourceTree = "<group>";
		};
		1C69A47719C2B59F00ED8BEA /* LionsAndTigersTests */ = {
			isa = PBXGroup;
			children = (
				1C69A47A19C2B59F00ED8BEA /* LionsAndTigersTests.swift */,
				1C69A47819C2B59F00ED8BEA /* Supporting Files */,
			);
			path = LionsAndTigersTests;
			sourceTree = "<group>";
		};
		1C69A47819C2B59F00ED8BEA /* Supporting Files */ = {
			isa = PBXGroup;
			children = (
				1C69A47919C2B59F00ED8BEA /* Info.plist */,
			);
			name = "Supporting Files";
			sourceTree = "<group>";
		};
		1C69A48419C2B77000ED8BEA /* Models */ = {
			isa = PBXGroup;
			children = (
				1C8C739719C380B8000D3052 /* Lion.swift */,
				1C8C739919C39789000D3052 /* LionCub.swift */,
				1C69A48519C2B79E00ED8BEA /* Tiger.swift */,
			);
			name = Models;
			sourceTree = "<group>";
		};
/* End PBXGroup section */

/* Begin PBXNativeTarget section */
		1C69A45E19C2B59E00ED8BEA /* LionsAndTigers */ = {
			isa = PBXNativeTarget;
			buildConfigurationList = 1C69A47E19C2B59F00ED8BEA /* Build configuration list for PBXNativeTarget "LionsAndTigers" */;
			buildPhases = (
				1C69A45B19C2B59E00ED8BEA /* Sources */,
				1C69A45C19C2B59E00ED8BEA /* Frameworks */,
				1C69A45D19C2B59E00ED8BEA /* Resources */,
			);
			buildRules = (
			);
			dependencies = (
			);
			name = LionsAndTigers;
			productName = LionsAndTigers;
			productReference = 1C69A45F19C2B59E00ED8BEA /* LionsAndTigers.app */;
			productType = "com.apple.product-type.application";
		};
		1C69A47319C2B59F00ED8BEA /* LionsAndTigersTests */ = {
			isa = PBXNativeTarget;
			buildConfigurationList = 1C69A48119C2B59F00ED8BEA /* Build configuration list for PBXNativeTarget "LionsAndTigersTests" */;
			buildPhases = (
				1C69A47019C2B59F00ED8BEA /* Sources */,
				1C69A47119C2B59F00ED8BEA /* Frameworks */,
				1C69A47219C2B59F00ED8BEA /* Resources */,
			);
			buildRules = (
			);
			dependencies = (
				1C69A47619C2B59F00ED8BEA /* PBXTargetDependency */,
			);
			name = LionsAndTigersTests;
			productName = LionsAndTigersTests;
			productReference = 1C69A47419C2B59F00ED8BEA /* LionsAndTigersTests.xctest */;
			productType = "com.apple.product-type.bundle.unit-test";
		};
/* End PBXNativeTarget section */

/* Begin PBXProject section */
		1C69A45719C2B59E00ED8BEA /* Project object */ = {
			isa = PBXProject;
			attributes = {
				LastUpgradeCheck = 0600;
				ORGANIZATIONNAME = "Code by Brad";
				TargetAttributes = {
					1C69A45E19C2B59E00ED8BEA = {
						CreatedOnToolsVersion = 6.0;
					};
					1C69A47319C2B59F00ED8BEA = {
						CreatedOnToolsVersion = 6.0;
						TestTargetID = 1C69A45E19C2B59E00ED8BEA;
					};
				};
			};
			buildConfigurationList = 1C69A45A19C2B59E00ED8BEA /* Build configuration list for PBXProject "LionsAndTigers" */;
			compatibilityVersion = "Xcode 3.2";
			developmentRegion = English;
			hasScannedForEncodings = 0;
			knownRegions = (
				en,
				Base,
			);
			mainGroup = 1C69A45619C2B59E00ED8BEA;
			productRefGroup = 1C69A46019C2B59E00ED8BEA /* Products */;
			projectDirPath = "";
			projectRoot = "";
			targets = (
				1C69A45E19C2B59E00ED8BEA /* LionsAndTigers */,
				1C69A47319C2B59F00ED8BEA /* LionsAndTigersTests */,
			);
		};
/* End PBXProject section */

/* Begin PBXResourcesBuildPhase section */
		1C69A45D19C2B59E00ED8BEA /* Resources */ = {
			isa = PBXResourcesBuildPhase;
			buildActionMask = 2147483647;
			files = (
				1C69A49019C2BA2700ED8BEA /* IndochineseTiger.jpg in Resources */,
				1C69A46A19C2B59E00ED8BEA /* Main.storyboard in Resources */,
				1C69A46F19C2B59E00ED8BEA /* LaunchScreen.xib in Resources */,
				1C69A49419C2BA2700ED8BEA /* Lioness.jpeg in Resources */,
				1C69A49219C2BA2700ED8BEA /* LionCub1.jpg in Resources */,
				1C69A49519C2BA2700ED8BEA /* MalayanTiger.jpg in Resources */,
				1C69A49619C2BA2700ED8BEA /* SiberianTiger.jpg in Resources */,
				1C69A48F19C2BA2700ED8BEA /* BengalTiger.jpg in Resources */,
				1C69A46C19C2B59E00ED8BEA /* Images.xcassets in Resources */,
				1C69A49119C2BA2700ED8BEA /* Lion.jpg in Resources */,
				1C69A49319C2BA2700ED8BEA /* LionCub2.jpeg in Resources */,
			);
			runOnlyForDeploymentPostprocessing = 0;
		};
		1C69A47219C2B59F00ED8BEA /* Resources */ = {
			isa = PBXResourcesBuildPhase;
			buildActionMask = 2147483647;
			files = (
			);
			runOnlyForDeploymentPostprocessing = 0;
		};
/* End PBXResourcesBuildPhase section */

/* Begin PBXSourcesBuildPhase section */
		1C69A45B19C2B59E00ED8BEA /* Sources */ = {
			isa = PBXSourcesBuildPhase;
			buildActionMask = 2147483647;
			files = (
				1C69A46719C2B59E00ED8BEA /* ViewController.swift in Sources */,
				1C69A48619C2B79E00ED8BEA /* Tiger.swift in Sources */,
				1C69A46519C2B59E00ED8BEA /* AppDelegate.swift in Sources */,
				1C8C739A19C39789000D3052 /* LionCub.swift in Sources */,
				1C8C739819C380B8000D3052 /* Lion.swift in Sources */,
			);
			runOnlyForDeploymentPostprocessing = 0;
		};
		1C69A47019C2B59F00ED8BEA /* Sources */ = {
			isa = PBXSourcesBuildPhase;
			buildActionMask = 2147483647;
			files = (
				1C69A47B19C2B59F00ED8BEA /* LionsAndTigersTests.swift in Sources */,
			);
			runOnlyForDeploymentPostprocessing = 0;
		};
/* End PBXSourcesBuildPhase section */

/* Begin PBXTargetDependency section */
		1C69A47619C2B59F00ED8BEA /* PBXTargetDependency */ = {
			isa = PBXTargetDependency;
			target = 1C69A45E19C2B59E00ED8BEA /* LionsAndTigers */;
			targetProxy = 1C69A47519C2B59F00ED8BEA /* PBXContainerItemProxy */;
		};
/* End PBXTargetDependency section */

/* Begin PBXVariantGroup section */
		1C69A46819C2B59E00ED8BEA /* Main.storyboard */ = {
			isa = PBXVariantGroup;
			children = (
				1C69A46919C2B59E00ED8BEA /* Base */,
			);
			name = Main.storyboard;
			sourceTree = "<group>";
		};
		1C69A46D19C2B59E00ED8BEA /* LaunchScreen.xib */ = {
			isa = PBXVariantGroup;
			children = (
				1C69A46E19C2B59E00ED8BEA /* Base */,
			);
			name = LaunchScreen.xib;
			sourceTree = "<group>";
		};
/* End PBXVariantGroup section */

/* Begin XCBuildConfiguration section */
		1C69A47C19C2B59F00ED8BEA /* Debug */ = {
			isa = XCBuildConfiguration;
			buildSettings = {
				ALWAYS_SEARCH_USER_PATHS = NO;
				CLANG_CXX_LANGUAGE_STANDARD = "gnu++0x";
				CLANG_CXX_LIBRARY = "libc++";
				CLANG_ENABLE_MODULES = YES;
				CLANG_ENABLE_OBJC_ARC = YES;
				CLANG_WARN_BOOL_CONVERSION = YES;
				CLANG_WARN_CONSTANT_CONVERSION = YES;
				CLANG_WARN_DIRECT_OBJC_ISA_USAGE = YES_ERROR;
				CLANG_WARN_EMPTY_BODY = YES;
				CLANG_WARN_ENUM_CONVERSION = YES;
				CLANG_WARN_INT_CONVERSION = YES;
				CLANG_WARN_OBJC_ROOT_CLASS = YES_ERROR;
				CLANG_WARN_UNREACHABLE_CODE = YES;
				CLANG_WARN__DUPLICATE_METHOD_MATCH = YES;
				"CODE_SIGN_IDENTITY[sdk=iphoneos*]" = "iPhone Developer";
				COPY_PHASE_STRIP = NO;
				ENABLE_STRICT_OBJC_MSGSEND = YES;
				GCC_C_LANGUAGE_STANDARD = gnu99;
				GCC_DYNAMIC_NO_PIC = NO;
				GCC_OPTIMIZATION_LEVEL = 0;
				GCC_PREPROCESSOR_DEFINITIONS = (
					"DEBUG=1",
					"$(inherited)",
				);
				GCC_SYMBOLS_PRIVATE_EXTERN = NO;
				GCC_WARN_64_TO_32_BIT_CONVERSION = YES;
				GCC_WARN_ABOUT_RETURN_TYPE = YES_ERROR;
				GCC_WARN_UNDECLARED_SELECTOR = YES;
				GCC_WARN_UNINITIALIZED_AUTOS = YES_AGGRESSIVE;
				GCC_WARN_UNUSED_FUNCTION = YES;
				GCC_WARN_UNUSED_VARIABLE = YES;
				IPHONEOS_DEPLOYMENT_TARGET = 8.0;
				MTL_ENABLE_DEBUG_INFO = YES;
				ONLY_ACTIVE_ARCH = YES;
				SDKROOT = iphoneos;
				SWIFT_OPTIMIZATION_LEVEL = "-Onone";
			};
			name = Debug;
		};
		1C69A47D19C2B59F00ED8BEA /* Release */ = {
			isa = XCBuildConfiguration;
			buildSettings = {
				ALWAYS_SEARCH_USER_PATHS = NO;
				CLANG_CXX_LANGUAGE_STANDARD = "gnu++0x";
				CLANG_CXX_LIBRARY = "libc++";
				CLANG_ENABLE_MODULES = YES;
				CLANG_ENABLE_OBJC_ARC = YES;
				CLANG_WARN_BOOL_CONVERSION = YES;
				CLANG_WARN_CONSTANT_CONVERSION = YES;
				CLANG_WARN_DIRECT_OBJC_ISA_USAGE = YES_ERROR;
				CLANG_WARN_EMPTY_BODY = YES;
				CLANG_WARN_ENUM_CONVERSION = YES;
				CLANG_WARN_INT_CONVERSION = YES;
				CLANG_WARN_OBJC_ROOT_CLASS = YES_ERROR;
				CLANG_WARN_UNREACHABLE_CODE = YES;
				CLANG_WARN__DUPLICATE_METHOD_MATCH = YES;
				"CODE_SIGN_IDENTITY[sdk=iphoneos*]" = "iPhone Developer";
				COPY_PHASE_STRIP = YES;
				ENABLE_NS_ASSERTIONS = NO;
				ENABLE_STRICT_OBJC_MSGSEND = YES;
				GCC_C_LANGUAGE_STANDARD = gnu99;
				GCC_WARN_64_TO_32_BIT_CONVERSION = YES;
				GCC_WARN_ABOUT_RETURN_TYPE = YES_ERROR;
				GCC_WARN_UNDECLARED_SELECTOR = YES;
				GCC_WARN_UNINITIALIZED_AUTOS = YES_AGGRESSIVE;
				GCC_WARN_UNUSED_FUNCTION = YES;
				GCC_WARN_UNUSED_VARIABLE = YES;
				IPHONEOS_DEPLOYMENT_TARGET = 8.0;
				MTL_ENABLE_DEBUG_INFO = NO;
				SDKROOT = iphoneos;
				VALIDATE_PRODUCT = YES;
			};
			name = Release;
		};
		1C69A47F19C2B59F00ED8BEA /* Debug */ = {
			isa = XCBuildConfiguration;
			buildSettings = {
				ASSETCATALOG_COMPILER_APPICON_NAME = AppIcon;
				INFOPLIST_FILE = LionsAndTigers/Info.plist;
				LD_RUNPATH_SEARCH_PATHS = "$(inherited) @executable_path/Frameworks";
				PRODUCT_NAME = "$(TARGET_NAME)";
			};
			name = Debug;
		};
		1C69A48019C2B59F00ED8BEA /* Release */ = {
			isa = XCBuildConfiguration;
			buildSettings = {
				ASSETCATALOG_COMPILER_APPICON_NAME = AppIcon;
				INFOPLIST_FILE = LionsAndTigers/Info.plist;
				LD_RUNPATH_SEARCH_PATHS = "$(inherited) @executable_path/Frameworks";
				PRODUCT_NAME = "$(TARGET_NAME)";
			};
			name = Release;
		};
		1C69A48219C2B59F00ED8BEA /* Debug */ = {
			isa = XCBuildConfiguration;
			buildSettings = {
				BUNDLE_LOADER = "$(TEST_HOST)";
				FRAMEWORK_SEARCH_PATHS = (
					"$(SDKROOT)/Developer/Library/Frameworks",
					"$(inherited)",
				);
				GCC_PREPROCESSOR_DEFINITIONS = (
					"DEBUG=1",
					"$(inherited)",
				);
				INFOPLIST_FILE = LionsAndTigersTests/Info.plist;
				LD_RUNPATH_SEARCH_PATHS = "$(inherited) @executable_path/Frameworks @loader_path/Frameworks";
				PRODUCT_NAME = "$(TARGET_NAME)";
				TEST_HOST = "$(BUILT_PRODUCTS_DIR)/LionsAndTigers.app/LionsAndTigers";
			};
			name = Debug;
		};
		1C69A48319C2B59F00ED8BEA /* Release */ = {
			isa = XCBuildConfiguration;
			buildSettings = {
				BUNDLE_LOADER = "$(TEST_HOST)";
				FRAMEWORK_SEARCH_PATHS = (
					"$(SDKROOT)/Developer/Library/Frameworks",
					"$(inherited)",
				);
				INFOPLIST_FILE = LionsAndTigersTests/Info.plist;
				LD_RUNPATH_SEARCH_PATHS = "$(inherited) @executable_path/Frameworks @loader_path/Frameworks";
				PRODUCT_NAME = "$(TARGET_NAME)";
				TEST_HOST = "$(BUILT_PRODUCTS_DIR)/LionsAndTigers.app/LionsAndTigers";
			};
			name = Release;
		};
/* End XCBuildConfiguration section */

/* Begin XCConfigurationList section */
		1C69A45A19C2B59E00ED8BEA /* Build configuration list for PBXProject "LionsAndTigers" */ = {
			isa = XCConfigurationList;
			buildConfigurations = (
				1C69A47C19C2B59F00ED8BEA /* Debug */,
				1C69A47D19C2B59F00ED8BEA /* Release */,
			);
			defaultConfigurationIsVisible = 0;
			defaultConfigurationName = Release;
		};
		1C69A47E19C2B59F00ED8BEA /* Build configuration list for PBXNativeTarget "LionsAndTigers" */ = {
			isa = XCConfigurationList;
			buildConfigurations = (
				1C69A47F19C2B59F00ED8BEA /* Debug */,
				1C69A48019C2B59F00ED8BEA /* Release */,
			);
			defaultConfigurationIsVisible = 0;
			defaultConfigurationName = Release;
		};
		1C69A48119C2B59F00ED8BEA /* Build configuration list for PBXNativeTarget "LionsAndTigersTests" */ = {
			isa = XCConfigurationList;
			buildConfigurations = (
				1C69A48219C2B59F00ED8BEA /* Debug */,
				1C69A48319C2B59F00ED8BEA /* Release */,
			);
			defaultConfigurationIsVisible = 0;
			defaultConfigurationName = Release;
		};
/* End XCConfigurationList section */
	};
	rootObject = 1C69A45719C2B59E00ED8BEA /* Project object */;
}
